
Microsoft Visual Studio Solution File, Format Version 12.00
# Visual Studio Version 17
VisualStudioVersion = 17.2.32602.215
MinimumVisualStudioVersion = 10.0.40219.1
Project("{FAE04EC0-301F-11D3-BF4B-00C04F79EFBC}") = "EmployeeManagerWebApi", "EmployeeManagerWebApi.csproj", "{F70B3233-4C29-4F71-9E63-477A7AB32000}"
EndProject
Global
	GlobalSection(SolutionConfigurationPlatforms) = preSolution
		Debug|Any CPU = Debug|Any CPU
		Release|Any CPU = Release|Any CPU
	EndGlobalSection
	GlobalSection(ProjectConfigurationPlatforms) = postSolution
		{F70B3233-4C29-4F71-9E63-477A7AB32000}.Debug|Any CPU.ActiveCfg = Debug|Any CPU
		{F70B3233-4C29-4F71-9E63-477A7AB32000}.Debug|Any CPU.Build.0 = Debug|Any CPU
		{F70B3233-4C29-4F71-9E63-477A7AB32000}.Release|Any CPU.ActiveCfg = Release|Any CPU
		{F70B3233-4C29-4F71-9E63-477A7AB32000}.Release|Any CPU.Build.0 = Release|Any CPU
	EndGlobalSection
	GlobalSection(SolutionProperties) = preSolution
		HideSolutionNode = FALSE
	EndGlobalSection
	GlobalSection(ExtensibilityGlobals) = postSolution
		SolutionGuid = {A65C292B-FB4F-4A66-BBC3-FA129E996BB1}
	EndGlobalSection
EndGlobal
